{
  "nodes": {
    "flake-compat": {
      "flake": false,
      "locked": {
        "lastModified": 1673956053,
        "narHash": "sha256-4gtG9iQuiKITOjNQQeQIpoIB6b16fm+504Ch3sNKLd8=",
        "owner": "edolstra",
        "repo": "flake-compat",
        "rev": "35bb57c0c8d8b62bbfd284272c928ceb64ddbde9",
        "type": "github"
      },
      "original": {
        "owner": "edolstra",
        "repo": "flake-compat",
        "type": "github"
      }
    },
    "flake-utils": {
      "inputs": {
        "systems": "systems"
      },
      "locked": {
        "lastModified": 1689068808,
        "narHash": "sha256-6ixXo3wt24N/melDWjq70UuHQLxGV8jZvooRanIHXw0=",
        "owner": "numtide",
        "repo": "flake-utils",
        "rev": "919d646de7be200f3bf08cb76ae1f09402b6f9b4",
        "type": "github"
      },
      "original": {
        "owner": "numtide",
        "repo": "flake-utils",
        "type": "github"
      }
    },
    "home-manager": {
      "inputs": {
        "nixpkgs": [
          "nixpkgs"
        ]
      },
      "locked": {
        "lastModified": 1687041769,
        "narHash": "sha256-lPDVNMrDF/hOVy+P8pEtKzvSN/Akk9RbDcyNuvW1T+M=",
        "owner": "nix-community",
        "repo": "home-manager",
        "rev": "edf9cf65238609db16680be74fe28d4d4858476e",
        "type": "github"
      },
      "original": {
        "owner": "nix-community",
        "repo": "home-manager",
        "type": "github"
      }
    },
    "nixos-hardware": {
      "locked": {
        "lastModified": 1692373088,
        "narHash": "sha256-EPgCecdc9I8aTdmDNoO1l7R72r2WPhZRcesV4nzxBj8=",
        "owner": "NixOS",
        "repo": "nixos-hardware",
        "rev": "7f1836531b126cfcf584e7d7d71bf8758bb58969",
        "type": "github"
      },
      "original": {
        "owner": "NixOS",
        "ref": "master",
        "repo": "nixos-hardware",
        "type": "github"
      }
    },
    "nixos-wsl": {
      "inputs": {
        "flake-compat": "flake-compat",
        "flake-utils": "flake-utils",
        "nixpkgs": [
          "nixpkgs"
        ]
      },
      "locked": {
        "lastModified": 1690553050,
        "narHash": "sha256-pK3kF30OykL3v6P8UP6ipihlS34KoGq9SryCj3tHrFw=",
        "owner": "nix-community",
        "repo": "NixOS-WSL",
        "rev": "f7a95a37306c46b42e9ce751977c44c752fd5eca",
        "type": "github"
      },
      "original": {
        "owner": "nix-community",
        "repo": "NixOS-WSL",
        "type": "github"
      }
    },
    "nixpkgs": {
      "locked": {
        "lastModified": 1686960236,
        "narHash": "sha256-AYCC9rXNLpUWzD9hm+askOfpliLEC9kwAo7ITJc4HIw=",
        "owner": "nixos",
        "repo": "nixpkgs",
        "rev": "04af42f3b31dba0ef742d254456dc4c14eedac86",
        "type": "github"
      },
      "original": {
        "owner": "nixos",
        "ref": "nixos-unstable",
        "repo": "nixpkgs",
        "type": "github"
      }
    },
    "nixpkgs-stable": {
      "locked": {
        "lastModified": 1692649925,
        "narHash": "sha256-a3wYO5Ft/X24ljNB5WvcoGpKy5npSOpkCimtklZkCUw=",
        "owner": "NixOS",
        "repo": "nixpkgs",
        "rev": "2e29f6826af4f911920b9e174e6e6a032e6a26a0",
        "type": "github"
      },
      "original": {
        "owner": "NixOS",
        "ref": "release-23.05",
        "repo": "nixpkgs",
        "type": "github"
      }
    },
    "root": {
      "inputs": {
        "home-manager": "home-manager",
        "nixos-hardware": "nixos-hardware",
        "nixos-wsl": "nixos-wsl",
        "nixpkgs": "nixpkgs",
        "nixpkgs-stable": "nixpkgs-stable",
        "sops-nix": "sops-nix",
        "sweet-theme": "sweet-theme"
      }
    },
    "sops-nix": {
      "inputs": {
        "nixpkgs": [
          "nixpkgs"
        ],
        "nixpkgs-stable": [
          "nixpkgs-stable"
        ]
      },
      "locked": {
        "lastModified": 1692500916,
        "narHash": "sha256-iKADqEOHmyi+LCJ5LzWcM2zH0DP3WHFETjX98blH0tE=",
        "owner": "Mic92",
        "repo": "sops-nix",
        "rev": "4f0f113b7dbcb92edb9c901515fcab0b91c6def7",
        "type": "github"
      },
      "original": {
        "owner": "Mic92",
        "repo": "sops-nix",
        "type": "github"
      }
    },
    "sweet-theme": {
      "flake": false,
      "locked": {
        "lastModified": 1686510424,
        "narHash": "sha256-KLfTwL2dZa9tcmSTbnOwtP7uMpDnyNcFoMCxcSoLU6E=",
        "owner": "EliverLara",
        "repo": "Sweet",
        "rev": "c4a4c0ce8a67569fe6440b876fc667ead14b49ce",
        "type": "github"
      },
      "original": {
        "owner": "EliverLara",
        "ref": "nova",
        "repo": "Sweet",
        "type": "github"
      }
    },
    "systems": {
      "locked": {
        "lastModified": 1681028828,
        "narHash": "sha256-Vy1rq5AaRuLzOxct8nz4T6wlgyUR7zLU309k9mBC768=",
        "owner": "nix-systems",
        "repo": "default",
        "rev": "da67096a3b9bf56a91d16901293e51ba5b49a27e",
        "type": "github"
      },
      "original": {
        "owner": "nix-systems",
        "repo": "default",
        "type": "github"
      }
    }
  },
  "root": "root",
  "version": 7
}
